
Microsoft Visual Studio Solution File, Format Version 12.00
# Visual Studio 15
Project("{FAE04EC0-301F-11D3-BF4B-00C04F79EFBC}") = "Assembly-CSharp", "Assembly-CSharp.csproj", "{B05B7265-8649-FE51-715F-BE00632B3397}"
EndProject
Global
	GlobalSection(SolutionConfigurationPlatforms) = preSolution
		Debug|Any CPU = Debug|Any CPU
		Release|Any CPU = Release|Any CPU
	EndGlobalSection
	GlobalSection(ProjectConfigurationPlatforms) = postSolution
		{B05B7265-8649-FE51-715F-BE00632B3397}.Debug|Any CPU.ActiveCfg = Debug|Any CPU
		{B05B7265-8649-FE51-715F-BE00632B3397}.Debug|Any CPU.Build.0 = Debug|Any CPU
		{B05B7265-8649-FE51-715F-BE00632B3397}.Release|Any CPU.ActiveCfg = Release|Any CPU
		{B05B7265-8649-FE51-715F-BE00632B3397}.Release|Any CPU.Build.0 = Release|Any CPU
	EndGlobalSection
	GlobalSection(SolutionProperties) = preSolution
		HideSolutionNode = FALSE
	EndGlobalSection
EndGlobal
